Microsoft Visual Studio Solution File, Format Version 12.00
# Visual Studio Version 17
VisualStudioVersion = 17.5.2.0
MinimumVisualStudioVersion = 10.0.40219.1
Project("{FAE04EC0-301F-11D3-BF4B-00C04F79EFBC}") = "Avalonia.FlexibleWindowControls", "Avalonia.FlexibleWindowControls.csproj", "{2CEDF490-C3F8-DA45-66FA-8E1A00194C29}"
EndProject
Project("{FAE04EC0-301F-11D3-BF4B-00C04F79EFBC}") = "DemoApp", "Demo\DemoApp.csproj", "{07E9C734-3B7D-A763-20D4-4DDB074C36B5}"
EndProject
Global
	GlobalSection(SolutionConfigurationPlatforms) = preSolution
		Debug|Any CPU = Debug|Any CPU
		Release|Any CPU = Release|Any CPU
	EndGlobalSection
	GlobalSection(ProjectConfigurationPlatforms) = postSolution
		{2CEDF490-C3F8-DA45-66FA-8E1A00194C29}.Debug|Any CPU.ActiveCfg = Debug|Any CPU
		{2CEDF490-C3F8-DA45-66FA-8E1A00194C29}.Debug|Any CPU.Build.0 = Debug|Any CPU
		{2CEDF490-C3F8-DA45-66FA-8E1A00194C29}.Release|Any CPU.ActiveCfg = Release|Any CPU
		{2CEDF490-C3F8-DA45-66FA-8E1A00194C29}.Release|Any CPU.Build.0 = Release|Any CPU
		{07E9C734-3B7D-A763-20D4-4DDB074C36B5}.Debug|Any CPU.ActiveCfg = Debug|Any CPU
		{07E9C734-3B7D-A763-20D4-4DDB074C36B5}.Debug|Any CPU.Build.0 = Debug|Any CPU
		{07E9C734-3B7D-A763-20D4-4DDB074C36B5}.Release|Any CPU.ActiveCfg = Release|Any CPU
		{07E9C734-3B7D-A763-20D4-4DDB074C36B5}.Release|Any CPU.Build.0 = Release|Any CPU
	EndGlobalSection
	GlobalSection(SolutionProperties) = preSolution
		HideSolutionNode = FALSE
	EndGlobalSection
	GlobalSection(ExtensibilityGlobals) = postSolution
		SolutionGuid = {A2D6AB2B-6E49-4F39-8CDE-4F79238DA10C}
	EndGlobalSection
EndGlobal
